{
  "name": "arduino-accident-alert-system",
  "version": "2.0.0",
  "lockfileVersion": 2,
  "requires": true,
  "packages": {
    "": {
      "name": "arduino-accident-alert-system",
      "version": "2.0.0",
      "dependencies": {
        "express": "^4.18.2",
        "socket.io": "^4.7.2",
        "cors": "^2.8.5",
        "serialport": "^12.0.0"
      },
      "devDependencies": {
        "nodemon": "^3.0.1"
      }
    }
  }
}